
Microsoft Visual Studio Solution File, Format Version 12.00
# Visual Studio Version 16
VisualStudioVersion = 16.0.30717.126
MinimumVisualStudioVersion = 10.0.40219.1
Project("{8BC9CEB8-8B4A-11D0-8D11-00A0C91BC942}") = "Day1Part1", "Day1\Day1.vcxproj", "{48137914-E3D0-42A2-AD7A-AE1067B857D4}"
EndProject
Project("{8BC9CEB8-8B4A-11D0-8D11-00A0C91BC942}") = "Day1Part2", "Day1Part2\Day1Part2.vcxproj", "{43670414-8462-4979-9A34-C8328B35C55D}"
EndProject
Project("{8BC9CEB8-8B4A-11D0-8D11-00A0C91BC942}") = "Day2Part1", "Day2Part1\Day2Part1.vcxproj", "{B2F175FF-A5DB-4DAC-999B-6303C03E6CDE}"
EndProject
Project("{8BC9CEB8-8B4A-11D0-8D11-00A0C91BC942}") = "Day2Part2", "Day2Part2\Day2Part2.vcxproj", "{75EE52CC-A722-4A4D-93F4-AB4072968164}"
EndProject
Project("{8BC9CEB8-8B4A-11D0-8D11-00A0C91BC942}") = "Day3Part1", "Day3Part1\Day3Part1.vcxproj", "{7BFE7302-709D-410A-A707-544FFB475E35}"
EndProject
Project("{8BC9CEB8-8B4A-11D0-8D11-00A0C91BC942}") = "Day3Part2", "Day3Part2\Day3Part2.vcxproj", "{57ED95F3-1E39-40FD-ABB5-2C68CA588D01}"
EndProject
Project("{8BC9CEB8-8B4A-11D0-8D11-00A0C91BC942}") = "Day4Part1", "Day4Part1\Day4Part1.vcxproj", "{B4B9964E-3819-47F5-AD0F-5C052CD063A3}"
EndProject
Project("{8BC9CEB8-8B4A-11D0-8D11-00A0C91BC942}") = "Day4Part2", "Day4Part2\Day4Part2.vcxproj", "{E964C3D2-008D-4262-8FB9-5B810C8D35D5}"
EndProject
Global
	GlobalSection(SolutionConfigurationPlatforms) = preSolution
		Debug|x64 = Debug|x64
		Debug|x86 = Debug|x86
		Release|x64 = Release|x64
		Release|x86 = Release|x86
	EndGlobalSection
	GlobalSection(ProjectConfigurationPlatforms) = postSolution
		{48137914-E3D0-42A2-AD7A-AE1067B857D4}.Debug|x64.ActiveCfg = Debug|x64
		{48137914-E3D0-42A2-AD7A-AE1067B857D4}.Debug|x64.Build.0 = Debug|x64
		{48137914-E3D0-42A2-AD7A-AE1067B857D4}.Debug|x86.ActiveCfg = Debug|Win32
		{48137914-E3D0-42A2-AD7A-AE1067B857D4}.Debug|x86.Build.0 = Debug|Win32
		{48137914-E3D0-42A2-AD7A-AE1067B857D4}.Release|x64.ActiveCfg = Release|x64
		{48137914-E3D0-42A2-AD7A-AE1067B857D4}.Release|x64.Build.0 = Release|x64
		{48137914-E3D0-42A2-AD7A-AE1067B857D4}.Release|x86.ActiveCfg = Release|Win32
		{48137914-E3D0-42A2-AD7A-AE1067B857D4}.Release|x86.Build.0 = Release|Win32
		{43670414-8462-4979-9A34-C8328B35C55D}.Debug|x64.ActiveCfg = Debug|x64
		{43670414-8462-4979-9A34-C8328B35C55D}.Debug|x64.Build.0 = Debug|x64
		{43670414-8462-4979-9A34-C8328B35C55D}.Debug|x86.ActiveCfg = Debug|Win32
		{43670414-8462-4979-9A34-C8328B35C55D}.Debug|x86.Build.0 = Debug|Win32
		{43670414-8462-4979-9A34-C8328B35C55D}.Release|x64.ActiveCfg = Release|x64
		{43670414-8462-4979-9A34-C8328B35C55D}.Release|x64.Build.0 = Release|x64
		{43670414-8462-4979-9A34-C8328B35C55D}.Release|x86.ActiveCfg = Release|Win32
		{43670414-8462-4979-9A34-C8328B35C55D}.Release|x86.Build.0 = Release|Win32
		{B2F175FF-A5DB-4DAC-999B-6303C03E6CDE}.Debug|x64.ActiveCfg = Debug|x64
		{B2F175FF-A5DB-4DAC-999B-6303C03E6CDE}.Debug|x64.Build.0 = Debug|x64
		{B2F175FF-A5DB-4DAC-999B-6303C03E6CDE}.Debug|x86.ActiveCfg = Debug|Win32
		{B2F175FF-A5DB-4DAC-999B-6303C03E6CDE}.Debug|x86.Build.0 = Debug|Win32
		{B2F175FF-A5DB-4DAC-999B-6303C03E6CDE}.Release|x64.ActiveCfg = Release|x64
		{B2F175FF-A5DB-4DAC-999B-6303C03E6CDE}.Release|x64.Build.0 = Release|x64
		{B2F175FF-A5DB-4DAC-999B-6303C03E6CDE}.Release|x86.ActiveCfg = Release|Win32
		{B2F175FF-A5DB-4DAC-999B-6303C03E6CDE}.Release|x86.Build.0 = Release|Win32
		{75EE52CC-A722-4A4D-93F4-AB4072968164}.Debug|x64.ActiveCfg = Debug|x64
		{75EE52CC-A722-4A4D-93F4-AB4072968164}.Debug|x64.Build.0 = Debug|x64
		{75EE52CC-A722-4A4D-93F4-AB4072968164}.Debug|x86.ActiveCfg = Debug|Win32
		{75EE52CC-A722-4A4D-93F4-AB4072968164}.Debug|x86.Build.0 = Debug|Win32
		{75EE52CC-A722-4A4D-93F4-AB4072968164}.Release|x64.ActiveCfg = Release|x64
		{75EE52CC-A722-4A4D-93F4-AB4072968164}.Release|x64.Build.0 = Release|x64
		{75EE52CC-A722-4A4D-93F4-AB4072968164}.Release|x86.ActiveCfg = Release|Win32
		{75EE52CC-A722-4A4D-93F4-AB4072968164}.Release|x86.Build.0 = Release|Win32
		{7BFE7302-709D-410A-A707-544FFB475E35}.Debug|x64.ActiveCfg = Debug|x64
		{7BFE7302-709D-410A-A707-544FFB475E35}.Debug|x64.Build.0 = Debug|x64
		{7BFE7302-709D-410A-A707-544FFB475E35}.Debug|x86.ActiveCfg = Debug|Win32
		{7BFE7302-709D-410A-A707-544FFB475E35}.Debug|x86.Build.0 = Debug|Win32
		{7BFE7302-709D-410A-A707-544FFB475E35}.Release|x64.ActiveCfg = Release|x64
		{7BFE7302-709D-410A-A707-544FFB475E35}.Release|x64.Build.0 = Release|x64
		{7BFE7302-709D-410A-A707-544FFB475E35}.Release|x86.ActiveCfg = Release|Win32
		{7BFE7302-709D-410A-A707-544FFB475E35}.Release|x86.Build.0 = Release|Win32
		{57ED95F3-1E39-40FD-ABB5-2C68CA588D01}.Debug|x64.ActiveCfg = Debug|x64
		{57ED95F3-1E39-40FD-ABB5-2C68CA588D01}.Debug|x64.Build.0 = Debug|x64
		{57ED95F3-1E39-40FD-ABB5-2C68CA588D01}.Debug|x86.ActiveCfg = Debug|Win32
		{57ED95F3-1E39-40FD-ABB5-2C68CA588D01}.Debug|x86.Build.0 = Debug|Win32
		{57ED95F3-1E39-40FD-ABB5-2C68CA588D01}.Release|x64.ActiveCfg = Release|x64
		{57ED95F3-1E39-40FD-ABB5-2C68CA588D01}.Release|x64.Build.0 = Release|x64
		{57ED95F3-1E39-40FD-ABB5-2C68CA588D01}.Release|x86.ActiveCfg = Release|Win32
		{57ED95F3-1E39-40FD-ABB5-2C68CA588D01}.Release|x86.Build.0 = Release|Win32
		{B4B9964E-3819-47F5-AD0F-5C052CD063A3}.Debug|x64.ActiveCfg = Debug|x64
		{B4B9964E-3819-47F5-AD0F-5C052CD063A3}.Debug|x64.Build.0 = Debug|x64
		{B4B9964E-3819-47F5-AD0F-5C052CD063A3}.Debug|x86.ActiveCfg = Debug|Win32
		{B4B9964E-3819-47F5-AD0F-5C052CD063A3}.Debug|x86.Build.0 = Debug|Win32
		{B4B9964E-3819-47F5-AD0F-5C052CD063A3}.Release|x64.ActiveCfg = Release|x64
		{B4B9964E-3819-47F5-AD0F-5C052CD063A3}.Release|x64.Build.0 = Release|x64
		{B4B9964E-3819-47F5-AD0F-5C052CD063A3}.Release|x86.ActiveCfg = Release|Win32
		{B4B9964E-3819-47F5-AD0F-5C052CD063A3}.Release|x86.Build.0 = Release|Win32
		{E964C3D2-008D-4262-8FB9-5B810C8D35D5}.Debug|x64.ActiveCfg = Debug|x64
		{E964C3D2-008D-4262-8FB9-5B810C8D35D5}.Debug|x64.Build.0 = Debug|x64
		{E964C3D2-008D-4262-8FB9-5B810C8D35D5}.Debug|x86.ActiveCfg = Debug|Win32
		{E964C3D2-008D-4262-8FB9-5B810C8D35D5}.Debug|x86.Build.0 = Debug|Win32
		{E964C3D2-008D-4262-8FB9-5B810C8D35D5}.Release|x64.ActiveCfg = Release|x64
		{E964C3D2-008D-4262-8FB9-5B810C8D35D5}.Release|x64.Build.0 = Release|x64
		{E964C3D2-008D-4262-8FB9-5B810C8D35D5}.Release|x86.ActiveCfg = Release|Win32
		{E964C3D2-008D-4262-8FB9-5B810C8D35D5}.Release|x86.Build.0 = Release|Win32
	EndGlobalSection
	GlobalSection(SolutionProperties) = preSolution
		HideSolutionNode = FALSE
	EndGlobalSection
	GlobalSection(ExtensibilityGlobals) = postSolution
		SolutionGuid = {CA52494F-70EC-42F0-8F80-88B2A37F9DD6}
	EndGlobalSection
EndGlobal
